<?xml version="1.0" encoding="utf-8"?>
<Project ToolsVersion="4.0" xmlns="http://schemas.microsoft.com/developer/msbuild/2003">
  <ItemGroup>
    <Filter Include="Source Files">
      <UniqueIdentifier>{4FC737F1-C7A5-4376-A066-2A32D752A2FF}</UniqueIdentifier>
      <Extensions>cpp;c;cc;cxx;def;odl;idl;hpj;bat;asm;asmx</Extensions>
    </Filter>
    <Filter Include="Header Files">
      <UniqueIdentifier>{93995380-89BD-4b04-88EB-625FBE52EBFB}</UniqueIdentifier>
      <Extensions>h;hh;hpp;hxx;hm;inl;inc;xsd</Extensions>
    </Filter>
    <Filter Include="Resource Files">
      <UniqueIdentifier>{67DA6AB6-F800-4c08-8B7A-83BB121AAD01}</UniqueIdentifier>
      <Extensions>rc;ico;cur;bmp;dlg;rc2;rct;bin;rgs;gif;jpg;jpeg;jpe;resx;tiff;tif;png;wav</Extensions>
    </Filter>
  </ItemGroup>
  <ItemGroup>
    <ClCompile Include="main.cpp">
      <Filter>Source Files</Filter>
    </ClCompile>
    <ClCompile Include="src\10_Mapping_between_cursors_and_source_code.cpp">
      <Filter>Source Files</Filter>
    </ClCompile>
    <ClCompile Include="src\11_String_manipulation_routines.cpp">
      <Filter>Source Files</Filter>
    </ClCompile>
    <ClCompile Include="src\12_CompilationDatabase_functions.cpp">
      <Filter>Source Files</Filter>
    </ClCompile>
    <ClCompile Include="src\13_Module_introspection.cpp">
      <Filter>Source Files</Filter>
    </ClCompile>
    <ClCompile Include="src\14_Higher_level_API_functions.cpp">
      <Filter>Source Files</Filter>
    </ClCompile>
    <ClCompile Include="src\15_Type_information_for_CXCursors.cpp">
      <Filter>Source Files</Filter>
    </ClCompile>
    <ClCompile Include="src\16_Traversing_the_AST_with_cursors.cpp">
      <Filter>Source Files</Filter>
    </ClCompile>
    <ClCompile Include="src\17_Debugging_facilities.cpp">
      <Filter>Source Files</Filter>
    </ClCompile>
    <ClCompile Include="src\18_Miscellaneous_utility_functions.cpp">
      <Filter>Source Files</Filter>
    </ClCompile>
    <ClCompile Include="src\19_Cursor_manipulations.cpp">
      <Filter>Source Files</Filter>
    </ClCompile>
    <ClCompile Include="src\1_Name_Mangling_API_Functions.cpp">
      <Filter>Source Files</Filter>
    </ClCompile>
    <ClCompile Include="src\20_Code_completion.cpp">
      <Filter>Source Files</Filter>
    </ClCompile>
    <ClCompile Include="src\21_Physical_source_locations.cpp">
      <Filter>Source Files</Filter>
    </ClCompile>
    <ClCompile Include="src\2_Diagnostic_Reporting.cpp">
      <Filter>Source Files</Filter>
    </ClCompile>
    <ClCompile Include="src\3_C++_AST_introspection.cpp">
      <Filter>Source Files</Filter>
    </ClCompile>
    <ClCompile Include="src\4_Remapping_functions.cpp">
      <Filter>Source Files</Filter>
    </ClCompile>
    <ClCompile Include="src\5_Token_extraction_and_manipulation.cpp">
      <Filter>Source Files</Filter>
    </ClCompile>
    <ClCompile Include="src\6_Translation_unit_manipulation.cpp">
      <Filter>Source Files</Filter>
    </ClCompile>
    <ClCompile Include="src\7_Information_for_attributes.cpp">
      <Filter>Source Files</Filter>
    </ClCompile>
    <ClCompile Include="src\8_File_manipulation_routines.cpp">
      <Filter>Source Files</Filter>
    </ClCompile>
    <ClCompile Include="src\9_Cross-referencing_in_the_AST.cpp">
      <Filter>Source Files</Filter>
    </ClCompile>
    <ClCompile Include="src\UtilityFunctions.cpp">
      <Filter>Source Files</Filter>
    </ClCompile>
    <ClCompile Include="src\ClangUtilityFunctions.cpp">
      <Filter>Source Files</Filter>
    </ClCompile>
    <ClCompile Include="src\0_1_Comment_introspection.cpp">
      <Filter>Source Files</Filter>
    </ClCompile>
    <ClCompile Include="src\Paths.cpp">
      <Filter>Source Files</Filter>
    </ClCompile>
  </ItemGroup>
  <ItemGroup>
    <ClInclude Include="include\10_Mapping_between_cursors_and_source_code.h">
      <Filter>Header Files</Filter>
    </ClInclude>
    <ClInclude Include="include\11_String_manipulation_routines.h">
      <Filter>Header Files</Filter>
    </ClInclude>
    <ClInclude Include="include\12_CompilationDatabase_functions.h">
      <Filter>Header Files</Filter>
    </ClInclude>
    <ClInclude Include="include\13_Module_introspection.h">
      <Filter>Header Files</Filter>
    </ClInclude>
    <ClInclude Include="include\14_Higher_level_API_functions.h">
      <Filter>Header Files</Filter>
    </ClInclude>
    <ClInclude Include="include\15_Type_information_for_CXCursors.h">
      <Filter>Header Files</Filter>
    </ClInclude>
    <ClInclude Include="include\16_Traversing_the_AST_with_cursors.h">
      <Filter>Header Files</Filter>
    </ClInclude>
    <ClInclude Include="include\17_Debugging_facilities.h">
      <Filter>Header Files</Filter>
    </ClInclude>
    <ClInclude Include="include\18_Miscellaneous_utility_functions.h">
      <Filter>Header Files</Filter>
    </ClInclude>
    <ClInclude Include="include\19_Cursor_manipulations.h">
      <Filter>Header Files</Filter>
    </ClInclude>
    <ClInclude Include="include\1_Name_Mangling_API_Functions.h">
      <Filter>Header Files</Filter>
    </ClInclude>
    <ClInclude Include="include\20_Code_completion.h">
      <Filter>Header Files</Filter>
    </ClInclude>
    <ClInclude Include="include\21_Physical_source_locations.h">
      <Filter>Header Files</Filter>
    </ClInclude>
    <ClInclude Include="include\2_Diagnostic_Reporting.h">
      <Filter>Header Files</Filter>
    </ClInclude>
    <ClInclude Include="include\3_C++_AST_introspection.h">
      <Filter>Header Files</Filter>
    </ClInclude>
    <ClInclude Include="include\4_Remapping_functions.h">
      <Filter>Header Files</Filter>
    </ClInclude>
    <ClInclude Include="include\5_Token_extraction_and_manipulation.h">
      <Filter>Header Files</Filter>
    </ClInclude>
    <ClInclude Include="include\6_Translation_unit_manipulation.h">
      <Filter>Header Files</Filter>
    </ClInclude>
    <ClInclude Include="include\7_Information_for_attributes.h">
      <Filter>Header Files</Filter>
    </ClInclude>
    <ClInclude Include="include\8_File_manipulation_routines.h">
      <Filter>Header Files</Filter>
    </ClInclude>
    <ClInclude Include="include\9_Cross-referencing_in_the_AST.h">
      <Filter>Header Files</Filter>
    </ClInclude>
    <ClInclude Include="include\UtilityFunctions.h">
      <Filter>Header Files</Filter>
    </ClInclude>
    <ClInclude Include="include\ClangUtilityFunctions.h">
      <Filter>Header Files</Filter>
    </ClInclude>
    <ClInclude Include="include\0_1_Comment_introspection.h">
      <Filter>Header Files</Filter>
    </ClInclude>
    <ClInclude Include="include\Paths.h">
      <Filter>Header Files</Filter>
    </ClInclude>
  </ItemGroup>
  <ItemGroup>
    <Text Include="TODO.txt" />
    <Text Include="LibClangFunctions.txt" />
  </ItemGroup>
</Project>