<?xml version="1.0" encoding="utf-8"?>
<Project ToolsVersion="4.0" xmlns="http://schemas.microsoft.com/developer/msbuild/2003">
  <ItemGroup>
    <Filter Include="Source Files">
      <UniqueIdentifier>{4FC737F1-C7A5-4376-A066-2A32D752A2FF}</UniqueIdentifier>
      <Extensions>cpp;c;cc;cxx;c++;cppm;ixx;def;odl;idl;hpj;bat;asm;asmx</Extensions>
    </Filter>
    <Filter Include="Header Files">
      <UniqueIdentifier>{93995380-89BD-4b04-88EB-625FBE52EBFB}</UniqueIdentifier>
      <Extensions>h;hh;hpp;hxx;h++;hm;inl;inc;ipp;xsd</Extensions>
    </Filter>
    <Filter Include="Resource Files">
      <UniqueIdentifier>{67DA6AB6-F800-4c08-8B7A-83BB121AAD01}</UniqueIdentifier>
      <Extensions>rc;ico;cur;bmp;dlg;rc2;rct;bin;rgs;gif;jpg;jpeg;jpe;resx;tiff;tif;png;wav;mfcribbon-ms</Extensions>
    </Filter>
    <Filter Include="Header Files\ExecutionTimeMeasurement">
      <UniqueIdentifier>{29c1bb5c-ca63-4170-adb0-b1bbe3ee4074}</UniqueIdentifier>
    </Filter>
    <Filter Include="Header Files\Database">
      <UniqueIdentifier>{11ea4f38-eba6-4879-adea-8473c4ab6662}</UniqueIdentifier>
    </Filter>
    <Filter Include="Header Files\FolderBrowser">
      <UniqueIdentifier>{b9475881-479d-470b-80f7-1e6eaa4dc49c}</UniqueIdentifier>
    </Filter>
    <Filter Include="Header Files\LibClangStruct2Str">
      <UniqueIdentifier>{9e8667e3-785c-45df-8573-92572db5a673}</UniqueIdentifier>
    </Filter>
    <Filter Include="Header Files\OutputTree">
      <UniqueIdentifier>{5fe315b0-29a8-48fe-b496-d409b92e7c92}</UniqueIdentifier>
    </Filter>
    <Filter Include="Source Files\OutputTree">
      <UniqueIdentifier>{3558da7b-e06c-4cad-9c36-26f86a72b32b}</UniqueIdentifier>
    </Filter>
    <Filter Include="Source Files\LibClangStruct2Str">
      <UniqueIdentifier>{1a89b28d-fa4b-44d7-8c0a-46446cd1d8ff}</UniqueIdentifier>
    </Filter>
    <Filter Include="Source Files\FolderBrowser">
      <UniqueIdentifier>{c3bce576-b7fc-4bfa-82a6-ed01bebf627d}</UniqueIdentifier>
    </Filter>
    <Filter Include="Source Files\Database">
      <UniqueIdentifier>{b2762ebf-c154-46c0-8778-d9e33d329f0e}</UniqueIdentifier>
    </Filter>
    <Filter Include="Source Files\Html">
      <UniqueIdentifier>{b4ee91f7-d7ae-45bc-8092-2ff65fcaddfd}</UniqueIdentifier>
    </Filter>
    <Filter Include="Header Files\Html">
      <UniqueIdentifier>{ea588c52-a8cc-4a2a-af86-e221787b128f}</UniqueIdentifier>
    </Filter>
    <Filter Include="Source Files\SourceCode">
      <UniqueIdentifier>{8e90fefd-dae5-4bd1-98e3-18ba7d56ce4d}</UniqueIdentifier>
    </Filter>
    <Filter Include="Header Files\SourceCode">
      <UniqueIdentifier>{293c1151-b5e3-47d2-abac-5f626513559b}</UniqueIdentifier>
    </Filter>
    <Filter Include="Header Files\DatabaseBuilder">
      <UniqueIdentifier>{3cab1829-3978-40ec-8053-13abea469117}</UniqueIdentifier>
    </Filter>
    <Filter Include="Source Files\DatabaseBuilder">
      <UniqueIdentifier>{50604517-9824-476f-ad93-0d6e0d30d7f5}</UniqueIdentifier>
    </Filter>
  </ItemGroup>
  <ItemGroup>
    <ClInclude Include="include\Database\DatabaseColumnDict.h">
      <Filter>Header Files\Database</Filter>
    </ClInclude>
    <ClInclude Include="include\Database\ColumnDefinition.h">
      <Filter>Header Files\Database</Filter>
    </ClInclude>
    <ClInclude Include="include\Database\Database.h">
      <Filter>Header Files\Database</Filter>
    </ClInclude>
    <ClInclude Include="include\Html\Html.h">
      <Filter>Header Files\Html</Filter>
    </ClInclude>
    <ClInclude Include="include\Html\HtmlTemplates.h">
      <Filter>Header Files\Html</Filter>
    </ClInclude>
    <ClInclude Include="include\FolderBrowser\FolderBrowser.h">
      <Filter>Header Files\FolderBrowser</Filter>
    </ClInclude>
    <ClInclude Include="include\OutputTree\OutputTree.h">
      <Filter>Header Files\OutputTree</Filter>
    </ClInclude>
    <ClInclude Include="include\LibClangStruct2Str\LibClangStruct2Str.h">
      <Filter>Header Files\LibClangStruct2Str</Filter>
    </ClInclude>
    <ClInclude Include="include\LibClangStruct2Str\PrintingPolicy.h">
      <Filter>Header Files\LibClangStruct2Str</Filter>
    </ClInclude>
    <ClInclude Include="include\ExecutionTimeMeasurement\ExecutionTimeMeasurement.h">
      <Filter>Header Files\ExecutionTimeMeasurement</Filter>
    </ClInclude>
    <ClInclude Include="include\SourceCode\SourceCode.hpp">
      <Filter>Header Files\SourceCode</Filter>
    </ClInclude>
    <ClInclude Include="include\DatabaseBuilder\DatabaseBuilder.hpp">
      <Filter>Header Files\DatabaseBuilder</Filter>
    </ClInclude>
  </ItemGroup>
  <ItemGroup>
    <ClCompile Include="src\Database\Database.cpp">
      <Filter>Source Files\Database</Filter>
    </ClCompile>
    <ClCompile Include="src\Database\DatabaseColumnDict.cpp">
      <Filter>Source Files\Database</Filter>
    </ClCompile>
    <ClCompile Include="src\Html\Html.cpp">
      <Filter>Source Files\Html</Filter>
    </ClCompile>
    <ClCompile Include="src\FolderBrowser\FolderBrowser.cpp">
      <Filter>Source Files\FolderBrowser</Filter>
    </ClCompile>
    <ClCompile Include="src\OutputTree\OutputTree.cpp">
      <Filter>Source Files\OutputTree</Filter>
    </ClCompile>
    <ClCompile Include="src\LibClangStruct2Str\LibClangStruct2Str.cpp">
      <Filter>Source Files\LibClangStruct2Str</Filter>
    </ClCompile>
    <ClCompile Include="src\SourceCode\SourceCode.cpp">
      <Filter>Source Files\SourceCode</Filter>
    </ClCompile>
    <ClCompile Include="src\DatabaseBuilder\DatabaseBuilder.cpp">
      <Filter>Source Files\DatabaseBuilder</Filter>
    </ClCompile>
  </ItemGroup>
</Project>